
Microsoft Visual Studio Solution File, Format Version 12.00
# Visual Studio Version 17
VisualStudioVersion = 17.8.34330.188
MinimumVisualStudioVersion = 10.0.40219.1
Project("{FAE04EC0-301F-11D3-BF4B-00C04F79EFBC}") = "ExceptionAnalyzer", "ExceptionAnalyzer\ExceptionAnalyzer.csproj", "{4BF89472-0E3E-4C40-9DFE-6BB5E88BA3CC}"
EndProject
Project("{FAE04EC0-301F-11D3-BF4B-00C04F79EFBC}") = "ExceptionAnalyzer.Tests", "ExceptionAnalyzer.Tests\ExceptionAnalyzer.Tests.csproj", "{FDB67B08-21D7-41EE-A5BA-BE38105D422F}"
EndProject
Global
	GlobalSection(SolutionConfigurationPlatforms) = preSolution
		Debug|Any CPU = Debug|Any CPU
		Release|Any CPU = Release|Any CPU
	EndGlobalSection
	GlobalSection(ProjectConfigurationPlatforms) = postSolution
		{4BF89472-0E3E-4C40-9DFE-6BB5E88BA3CC}.Debug|Any CPU.ActiveCfg = Debug|Any CPU
		{4BF89472-0E3E-4C40-9DFE-6BB5E88BA3CC}.Debug|Any CPU.Build.0 = Debug|Any CPU
		{4BF89472-0E3E-4C40-9DFE-6BB5E88BA3CC}.Release|Any CPU.ActiveCfg = Release|Any CPU
		{4BF89472-0E3E-4C40-9DFE-6BB5E88BA3CC}.Release|Any CPU.Build.0 = Release|Any CPU
		{FDB67B08-21D7-41EE-A5BA-BE38105D422F}.Debug|Any CPU.ActiveCfg = Debug|Any CPU
		{FDB67B08-21D7-41EE-A5BA-BE38105D422F}.Debug|Any CPU.Build.0 = Debug|Any CPU
		{FDB67B08-21D7-41EE-A5BA-BE38105D422F}.Release|Any CPU.ActiveCfg = Release|Any CPU
		{FDB67B08-21D7-41EE-A5BA-BE38105D422F}.Release|Any CPU.Build.0 = Release|Any CPU
	EndGlobalSection
	GlobalSection(SolutionProperties) = preSolution
		HideSolutionNode = FALSE
	EndGlobalSection
	GlobalSection(ExtensibilityGlobals) = postSolution
		SolutionGuid = {C6532C5D-B173-4F80-85C2-AE412DCE1B0C}
	EndGlobalSection
EndGlobal
